<?xml version="1.0" encoding="utf-8"?>
<Project ToolsVersion="4.0" xmlns="http://schemas.microsoft.com/developer/msbuild/2003">
  <ItemGroup>
    <Filter Include="Win32">
      <UniqueIdentifier>{e8378bea-de94-422a-aa6d-eedaae7dd6c4}</UniqueIdentifier>
    </Filter>
    <Filter Include="Src">
      <UniqueIdentifier>{ef91246d-3942-4cb9-a5d8-7f97d30109bd}</UniqueIdentifier>
    </Filter>
    <Filter Include="include">
      <UniqueIdentifier>{743456c4-1e90-4e85-b1b9-82563c79f66c}</UniqueIdentifier>
    </Filter>
  </ItemGroup>
  <ItemGroup>
    <None Include="readme.txt" />
    <None Include="..\src\SciTE.properties">
      <Filter>Src</Filter>
    </None>
    <None Include="..\src\LexGen.py">
      <Filter>Src</Filter>
    </None>
    <None Include="scintilla.mak" />
  </ItemGroup>
  <ItemGroup>
    <ClCompile Include="CheckD2D.cxx">
      <Filter>Win32</Filter>
    </ClCompile>
    <ClCompile Include="PlatWin.cxx">
      <Filter>Win32</Filter>
    </ClCompile>
    <ClCompile Include="ScintillaWin.cxx">
      <Filter>Win32</Filter>
    </ClCompile>
    <ClCompile Include="..\src\RunStyles.cxx">
      <Filter>Src</Filter>
    </ClCompile>
    <ClCompile Include="..\src\ScintillaBase.cxx">
      <Filter>Src</Filter>
    </ClCompile>
    <ClCompile Include="..\src\Selection.cxx">
      <Filter>Src</Filter>
    </ClCompile>
    <ClCompile Include="..\src\Style.cxx">
      <Filter>Src</Filter>
    </ClCompile>
    <ClCompile Include="..\src\UniConversion.cxx">
      <Filter>Src</Filter>
    </ClCompile>
    <ClCompile Include="..\src\ViewStyle.cxx">
      <Filter>Src</Filter>
    </ClCompile>
    <ClCompile Include="..\src\XPM.cxx">
      <Filter>Src</Filter>
    </ClCompile>
    <ClCompile Include="..\src\AutoComplete.cxx">
      <Filter>Src</Filter>
    </ClCompile>
    <ClCompile Include="..\src\CallTip.cxx">
      <Filter>Src</Filter>
    </ClCompile>
    <ClCompile Include="..\src\Catalogue.cxx">
      <Filter>Src</Filter>
    </ClCompile>
    <ClCompile Include="..\src\CellBuffer.cxx">
      <Filter>Src</Filter>
    </ClCompile>
    <ClCompile Include="..\src\CharClassify.cxx">
      <Filter>Src</Filter>
    </ClCompile>
    <ClCompile Include="..\src\ContractionState.cxx">
      <Filter>Src</Filter>
    </ClCompile>
    <ClCompile Include="..\src\Decoration.cxx">
      <Filter>Src</Filter>
    </ClCompile>
    <ClCompile Include="..\src\Document.cxx">
      <Filter>Src</Filter>
    </ClCompile>
    <ClCompile Include="..\src\Editor.cxx">
      <Filter>Src</Filter>
    </ClCompile>
    <ClCompile Include="..\src\ExternalLexer.cxx">
      <Filter>Src</Filter>
    </ClCompile>
    <ClCompile Include="..\src\Indicator.cxx">
      <Filter>Src</Filter>
    </ClCompile>
    <ClCompile Include="..\src\KeyMap.cxx">
      <Filter>Src</Filter>
    </ClCompile>
    <ClCompile Include="..\src\LineMarker.cxx">
      <Filter>Src</Filter>
    </ClCompile>
    <ClCompile Include="..\src\PerLine.cxx">
      <Filter>Src</Filter>
    </ClCompile>
    <ClCompile Include="..\src\PositionCache.cxx">
      <Filter>Src</Filter>
    </ClCompile>
    <ClCompile Include="..\src\RESearch.cxx">
      <Filter>Src</Filter>
    </ClCompile>
  </ItemGroup>
  <ItemGroup>
    <ClInclude Include="PlatWin.h">
      <Filter>Win32</Filter>
    </ClInclude>
    <ClInclude Include="..\src\RESearch.h">
      <Filter>Src</Filter>
    </ClInclude>
    <ClInclude Include="..\src\RunStyles.h">
      <Filter>Src</Filter>
    </ClInclude>
    <ClInclude Include="..\src\ScintillaBase.h">
      <Filter>Src</Filter>
    </ClInclude>
    <ClInclude Include="..\src\Selection.h">
      <Filter>Src</Filter>
    </ClInclude>
    <ClInclude Include="..\src\SplitVector.h">
      <Filter>Src</Filter>
    </ClInclude>
    <ClInclude Include="..\src\Style.h">
      <Filter>Src</Filter>
    </ClInclude>
    <ClInclude Include="..\src\SVector.h">
      <Filter>Src</Filter>
    </ClInclude>
    <ClInclude Include="..\src\UniConversion.h">
      <Filter>Src</Filter>
    </ClInclude>
    <ClInclude Include="..\src\ViewStyle.h">
      <Filter>Src</Filter>
    </ClInclude>
    <ClInclude Include="..\src\XPM.h">
      <Filter>Src</Filter>
    </ClInclude>
    <ClInclude Include="..\src\AutoComplete.h">
      <Filter>Src</Filter>
    </ClInclude>
    <ClInclude Include="..\src\CallTip.h">
      <Filter>Src</Filter>
    </ClInclude>
    <ClInclude Include="..\src\Catalogue.h">
      <Filter>Src</Filter>
    </ClInclude>
    <ClInclude Include="..\src\CellBuffer.h">
      <Filter>Src</Filter>
    </ClInclude>
    <ClInclude Include="..\src\CharClassify.h">
      <Filter>Src</Filter>
    </ClInclude>
    <ClInclude Include="..\src\ContractionState.h">
      <Filter>Src</Filter>
    </ClInclude>
    <ClInclude Include="..\src\Decoration.h">
      <Filter>Src</Filter>
    </ClInclude>
    <ClInclude Include="..\src\Document.h">
      <Filter>Src</Filter>
    </ClInclude>
    <ClInclude Include="..\src\Editor.h">
      <Filter>Src</Filter>
    </ClInclude>
    <ClInclude Include="..\src\ExternalLexer.h">
      <Filter>Src</Filter>
    </ClInclude>
    <ClInclude Include="..\src\FontQuality.h">
      <Filter>Src</Filter>
    </ClInclude>
    <ClInclude Include="..\src\Indicator.h">
      <Filter>Src</Filter>
    </ClInclude>
    <ClInclude Include="..\src\KeyMap.h">
      <Filter>Src</Filter>
    </ClInclude>
    <ClInclude Include="..\src\LineMarker.h">
      <Filter>Src</Filter>
    </ClInclude>
    <ClInclude Include="..\src\Partitioning.h">
      <Filter>Src</Filter>
    </ClInclude>
    <ClInclude Include="..\src\PerLine.h">
      <Filter>Src</Filter>
    </ClInclude>
    <ClInclude Include="..\src\PositionCache.h">
      <Filter>Src</Filter>
    </ClInclude>
    <ClInclude Include="..\include\ILexer.h">
      <Filter>include</Filter>
    </ClInclude>
    <ClInclude Include="..\include\Platform.h">
      <Filter>include</Filter>
    </ClInclude>
    <ClInclude Include="..\include\SciLexer.h">
      <Filter>include</Filter>
    </ClInclude>
    <ClInclude Include="..\include\Scintilla.h">
      <Filter>include</Filter>
    </ClInclude>
    <ClInclude Include="..\include\ScintillaWidget.h">
      <Filter>include</Filter>
    </ClInclude>
  </ItemGroup>
</Project>